
Microsoft Visual Studio Solution File, Format Version 12.00
# Visual Studio 2013
VisualStudioVersion = 12.0.31101.0
MinimumVisualStudioVersion = 10.0.40219.1
Project("{E24C65DC-7377-472B-9ABA-BC803B73C61A}") = "Timber", "http://localhost:56284", "{12FFFF22-CBB0-43E2-AAF9-D152CA17BF7C}"
	ProjectSection(WebsiteProperties) = preProject
		UseIISExpress = "true"
		TargetFrameworkMoniker = ".NETFramework,Version%3Dv4.0"
		Debug.AspNetCompiler.VirtualPath = "/localhost_56284"
		Debug.AspNetCompiler.PhysicalPath = "..\..\..\..\..\..\Projects\Git\Timber\"
		Debug.AspNetCompiler.TargetPath = "PrecompiledWeb\localhost_56284\"
		Debug.AspNetCompiler.Updateable = "true"
		Debug.AspNetCompiler.ForceOverwrite = "true"
		Debug.AspNetCompiler.FixedNames = "false"
		Debug.AspNetCompiler.Debug = "True"
		Release.AspNetCompiler.VirtualPath = "/localhost_56284"
		Release.AspNetCompiler.PhysicalPath = "..\..\..\..\..\..\Projects\Git\Timber\"
		Release.AspNetCompiler.TargetPath = "PrecompiledWeb\localhost_56284\"
		Release.AspNetCompiler.Updateable = "true"
		Release.AspNetCompiler.ForceOverwrite = "true"
		Release.AspNetCompiler.FixedNames = "false"
		Release.AspNetCompiler.Debug = "False"
		SlnRelativePath = "..\..\..\..\..\..\Projects\Git\Timber\"
	EndProjectSection
EndProject
Global
	GlobalSection(SolutionConfigurationPlatforms) = preSolution
		Debug|Any CPU = Debug|Any CPU
	EndGlobalSection
	GlobalSection(ProjectConfigurationPlatforms) = postSolution
		{12FFFF22-CBB0-43E2-AAF9-D152CA17BF7C}.Debug|Any CPU.ActiveCfg = Debug|Any CPU
		{12FFFF22-CBB0-43E2-AAF9-D152CA17BF7C}.Debug|Any CPU.Build.0 = Debug|Any CPU
	EndGlobalSection
	GlobalSection(SolutionProperties) = preSolution
		HideSolutionNode = FALSE
	EndGlobalSection
EndGlobal
